
Microsoft Visual Studio Solution File, Format Version 12.00
# Visual Studio 15
VisualStudioVersion = 15.0.26730.3
MinimumVisualStudioVersion = 10.0.40219.1
Project("{9A19103F-16F7-4668-BE54-9A1E7A4F7556}") = "Jack.Pay.UnitTest", "Jack.Pay.UnitTest\Jack.Pay.UnitTest.csproj", "{2F0719DC-2D7B-4C5C-AF0F-50567D8B5791}"
EndProject
Project("{9A19103F-16F7-4668-BE54-9A1E7A4F7556}") = "Jack.Pay", "Jack.Pay\Jack.Pay.csproj", "{FEC5CE63-4ABA-4397-93FC-750498553997}"
EndProject
Project("{9A19103F-16F7-4668-BE54-9A1E7A4F7556}") = "MvcTest", "MvcTest\MvcTest.csproj", "{9C4DC278-7BDD-4C62-86A5-E81B039FFA63}"
EndProject
Global
	GlobalSection(SolutionConfigurationPlatforms) = preSolution
		Debug|Any CPU = Debug|Any CPU
		Release|Any CPU = Release|Any CPU
	EndGlobalSection
	GlobalSection(ProjectConfigurationPlatforms) = postSolution
		{2F0719DC-2D7B-4C5C-AF0F-50567D8B5791}.Debug|Any CPU.ActiveCfg = Debug|Any CPU
		{2F0719DC-2D7B-4C5C-AF0F-50567D8B5791}.Debug|Any CPU.Build.0 = Debug|Any CPU
		{2F0719DC-2D7B-4C5C-AF0F-50567D8B5791}.Release|Any CPU.ActiveCfg = Release|Any CPU
		{2F0719DC-2D7B-4C5C-AF0F-50567D8B5791}.Release|Any CPU.Build.0 = Release|Any CPU
		{FEC5CE63-4ABA-4397-93FC-750498553997}.Debug|Any CPU.ActiveCfg = Debug|Any CPU
		{FEC5CE63-4ABA-4397-93FC-750498553997}.Debug|Any CPU.Build.0 = Debug|Any CPU
		{FEC5CE63-4ABA-4397-93FC-750498553997}.Release|Any CPU.ActiveCfg = Release|Any CPU
		{FEC5CE63-4ABA-4397-93FC-750498553997}.Release|Any CPU.Build.0 = Release|Any CPU
		{9C4DC278-7BDD-4C62-86A5-E81B039FFA63}.Debug|Any CPU.ActiveCfg = Debug|Any CPU
		{9C4DC278-7BDD-4C62-86A5-E81B039FFA63}.Debug|Any CPU.Build.0 = Debug|Any CPU
		{9C4DC278-7BDD-4C62-86A5-E81B039FFA63}.Release|Any CPU.ActiveCfg = Release|Any CPU
		{9C4DC278-7BDD-4C62-86A5-E81B039FFA63}.Release|Any CPU.Build.0 = Release|Any CPU
	EndGlobalSection
	GlobalSection(SolutionProperties) = preSolution
		HideSolutionNode = FALSE
	EndGlobalSection
	GlobalSection(ExtensibilityGlobals) = postSolution
		SolutionGuid = {5FDACAD2-08A7-4DE0-9801-A3303C465F96}
	EndGlobalSection
EndGlobal
